PODS:
  - amap_core_fluttify (0.0.1):
    - AMapFoundation-NO-IDFA (~> 1.6.9)
    - Flutter
    - foundation_fluttify
  - amap_search_fluttify (0.0.1):
    - AMapSearch-NO-IDFA (= 9.2.0)
    - Flutter
    - foundation_fluttify
  - AMapFoundation-NO-IDFA (1.6.9)
  - AMapSearch-NO-IDFA (9.2.0):
    - AMapFoundation-NO-IDFA (~> 1.6.9)
  - core_location_fluttify (0.0.1):
    - Flutter
    - foundation_fluttify
  - Flutter (1.0.0)
  - FMDB (2.7.5):
    - FMDB/standard (= 2.7.5)
  - FMDB/standard (2.7.5)
  - foundation_fluttify (0.0.1):
    - Flutter
  - path_provider_ios (0.0.1):
    - Flutter
  - permission_handler_apple (9.0.4):
    - Flutter
  - sqflite (0.0.2):
    - Flutter
    - FMDB (>= 2.7.5)

DEPENDENCIES:
  - amap_core_fluttify (from `.symlinks/plugins/amap_core_fluttify/ios`)
  - amap_search_fluttify (from `.symlinks/plugins/amap_search_fluttify/ios`)
  - core_location_fluttify (from `.symlinks/plugins/core_location_fluttify/ios`)
  - Flutter (from `Flutter`)
  - foundation_fluttify (from `.symlinks/plugins/foundation_fluttify/ios`)
  - path_provider_ios (from `.symlinks/plugins/path_provider_ios/ios`)
  - permission_handler_apple (from `.symlinks/plugins/permission_handler_apple/ios`)
  - sqflite (from `.symlinks/plugins/sqflite/ios`)

SPEC REPOS:
  https://gitee.com/mirrors/CocoaPods-Specs.git:
    - AMapFoundation-NO-IDFA
    - AMapSearch-NO-IDFA
    - FMDB

EXTERNAL SOURCES:
  amap_core_fluttify:
    :path: ".symlinks/plugins/amap_core_fluttify/ios"
  amap_search_fluttify:
    :path: ".symlinks/plugins/amap_search_fluttify/ios"
  core_location_fluttify:
    :path: ".symlinks/plugins/core_location_fluttify/ios"
  Flutter:
    :path: Flutter
  foundation_fluttify:
    :path: ".symlinks/plugins/foundation_fluttify/ios"
  path_provider_ios:
    :path: ".symlinks/plugins/path_provider_ios/ios"
  permission_handler_apple:
    :path: ".symlinks/plugins/permission_handler_apple/ios"
  sqflite:
    :path: ".symlinks/plugins/sqflite/ios"

SPEC CHECKSUMS:
  amap_core_fluttify: b84657ba39ee287a4b96bbcc0a6e67612cc3808f
  amap_search_fluttify: cfab91aa65730337fff54705aae0423ea752fc91
  AMapFoundation-NO-IDFA: cc2ec7a2828ef292358ad594b7ee0ae21a7f097b
  AMapSearch-NO-IDFA: 9df378c88d50083346412ee3e0a10e2c451c7139
  core_location_fluttify: 9466a411ea7d22c6349c7e6a767ae4623f01eb1d
  Flutter: 50d75fe2f02b26cc09d224853bb45737f8b3214a
  FMDB: 2ce00b547f966261cd18927a3ddb07cb6f3db82a
  foundation_fluttify: 0c45145e3fad1fb99188e4979daed5b24cd9b278
  path_provider_ios: 14f3d2fd28c4fdb42f44e0f751d12861c43cee02
  permission_handler_apple: 44366e37eaf29454a1e7b1b7d736c2cceaeb17ce
  sqflite: 6d358c025f5b867b29ed92fc697fd34924e11904

PODFILE CHECKSUM: febb83c8a930141d95caab555982aeda42924994

COCOAPODS: 1.11.3
